
Microsoft Visual Studio Solution File, Format Version 12.00
# Visual Studio Version 16
VisualStudioVersion = 16.0.31727.386
MinimumVisualStudioVersion = 10.0.40219.1
Project("{9A19103F-16F7-4668-BE54-9A1E7A4F7556}") = "Lab_1", "Lab_1\Lab_1.csproj", "{A40EB284-C8E1-480E-965B-9AF718B9B44E}"
EndProject
Project("{9A19103F-16F7-4668-BE54-9A1E7A4F7556}") = "Lab_2", "Lab_2\Lab_2.csproj", "{73B76093-1A37-41BD-B79A-04C724007604}"
EndProject
Project("{9A19103F-16F7-4668-BE54-9A1E7A4F7556}") = "Lab_5", "Lab_5\Lab_5.csproj", "{6C9D50FE-F005-4F1B-92B0-35F4C061D0B5}"
EndProject
Project("{9A19103F-16F7-4668-BE54-9A1E7A4F7556}") = "Lab_6", "Lab_6\Lab_6.csproj", "{F6F7E2A1-3E91-4C08-9407-25BDE04F428D}"
EndProject
Project("{9A19103F-16F7-4668-BE54-9A1E7A4F7556}") = "Lab_3", "Lab_3\Lab_3.csproj", "{5B811BD4-32EF-46EC-8A52-3BCB66375CAD}"
EndProject
Project("{FAE04EC0-301F-11D3-BF4B-00C04F79EFBC}") = "Lab_7", "Lab_7\Lab_7.csproj", "{10BCFE34-03D4-46B4-AA5B-3F6D17299A22}"
EndProject
Project("{9A19103F-16F7-4668-BE54-9A1E7A4F7556}") = "Lab_7_Uzupełnienie", "Lab_7a\Lab_7_Uzupełnienie.csproj", "{89CE4549-90FA-4B4E-86F3-7BBEBB7D3CF8}"
EndProject
Project("{9A19103F-16F7-4668-BE54-9A1E7A4F7556}") = "Lab_7b", "Lab_7b\Lab_7b.csproj", "{771D3FA9-242F-450F-89E2-F39CBE708B2F}"
EndProject
Project("{FAE04EC0-301F-11D3-BF4B-00C04F79EFBC}") = "Lab_8", "Lab_8\Lab_8.csproj", "{450007CF-1EFC-4A0D-8CED-1FBDC2942BC6}"
EndProject
Project("{FAE04EC0-301F-11D3-BF4B-00C04F79EFBC}") = "Lab_8_Dom", "Lab_8_Dom\Lab_8_Dom.csproj", "{E6DE7B3C-6D9F-47D5-8B2E-6E1BA5C0EB1E}"
EndProject
Global
	GlobalSection(SolutionConfigurationPlatforms) = preSolution
		Debug|Any CPU = Debug|Any CPU
		Release|Any CPU = Release|Any CPU
	EndGlobalSection
	GlobalSection(ProjectConfigurationPlatforms) = postSolution
		{A40EB284-C8E1-480E-965B-9AF718B9B44E}.Debug|Any CPU.ActiveCfg = Debug|Any CPU
		{A40EB284-C8E1-480E-965B-9AF718B9B44E}.Debug|Any CPU.Build.0 = Debug|Any CPU
		{A40EB284-C8E1-480E-965B-9AF718B9B44E}.Release|Any CPU.ActiveCfg = Release|Any CPU
		{A40EB284-C8E1-480E-965B-9AF718B9B44E}.Release|Any CPU.Build.0 = Release|Any CPU
		{73B76093-1A37-41BD-B79A-04C724007604}.Debug|Any CPU.ActiveCfg = Debug|Any CPU
		{73B76093-1A37-41BD-B79A-04C724007604}.Debug|Any CPU.Build.0 = Debug|Any CPU
		{73B76093-1A37-41BD-B79A-04C724007604}.Release|Any CPU.ActiveCfg = Release|Any CPU
		{73B76093-1A37-41BD-B79A-04C724007604}.Release|Any CPU.Build.0 = Release|Any CPU
		{6C9D50FE-F005-4F1B-92B0-35F4C061D0B5}.Debug|Any CPU.ActiveCfg = Debug|Any CPU
		{6C9D50FE-F005-4F1B-92B0-35F4C061D0B5}.Debug|Any CPU.Build.0 = Debug|Any CPU
		{6C9D50FE-F005-4F1B-92B0-35F4C061D0B5}.Release|Any CPU.ActiveCfg = Release|Any CPU
		{6C9D50FE-F005-4F1B-92B0-35F4C061D0B5}.Release|Any CPU.Build.0 = Release|Any CPU
		{F6F7E2A1-3E91-4C08-9407-25BDE04F428D}.Debug|Any CPU.ActiveCfg = Debug|Any CPU
		{F6F7E2A1-3E91-4C08-9407-25BDE04F428D}.Debug|Any CPU.Build.0 = Debug|Any CPU
		{F6F7E2A1-3E91-4C08-9407-25BDE04F428D}.Release|Any CPU.ActiveCfg = Release|Any CPU
		{F6F7E2A1-3E91-4C08-9407-25BDE04F428D}.Release|Any CPU.Build.0 = Release|Any CPU
		{5B811BD4-32EF-46EC-8A52-3BCB66375CAD}.Debug|Any CPU.ActiveCfg = Debug|Any CPU
		{5B811BD4-32EF-46EC-8A52-3BCB66375CAD}.Debug|Any CPU.Build.0 = Debug|Any CPU
		{5B811BD4-32EF-46EC-8A52-3BCB66375CAD}.Release|Any CPU.ActiveCfg = Release|Any CPU
		{5B811BD4-32EF-46EC-8A52-3BCB66375CAD}.Release|Any CPU.Build.0 = Release|Any CPU
		{10BCFE34-03D4-46B4-AA5B-3F6D17299A22}.Debug|Any CPU.ActiveCfg = Debug|Any CPU
		{10BCFE34-03D4-46B4-AA5B-3F6D17299A22}.Debug|Any CPU.Build.0 = Debug|Any CPU
		{10BCFE34-03D4-46B4-AA5B-3F6D17299A22}.Release|Any CPU.ActiveCfg = Release|Any CPU
		{10BCFE34-03D4-46B4-AA5B-3F6D17299A22}.Release|Any CPU.Build.0 = Release|Any CPU
		{89CE4549-90FA-4B4E-86F3-7BBEBB7D3CF8}.Debug|Any CPU.ActiveCfg = Debug|Any CPU
		{89CE4549-90FA-4B4E-86F3-7BBEBB7D3CF8}.Debug|Any CPU.Build.0 = Debug|Any CPU
		{89CE4549-90FA-4B4E-86F3-7BBEBB7D3CF8}.Release|Any CPU.ActiveCfg = Release|Any CPU
		{89CE4549-90FA-4B4E-86F3-7BBEBB7D3CF8}.Release|Any CPU.Build.0 = Release|Any CPU
		{771D3FA9-242F-450F-89E2-F39CBE708B2F}.Debug|Any CPU.ActiveCfg = Debug|Any CPU
		{771D3FA9-242F-450F-89E2-F39CBE708B2F}.Debug|Any CPU.Build.0 = Debug|Any CPU
		{771D3FA9-242F-450F-89E2-F39CBE708B2F}.Release|Any CPU.ActiveCfg = Release|Any CPU
		{771D3FA9-242F-450F-89E2-F39CBE708B2F}.Release|Any CPU.Build.0 = Release|Any CPU
		{450007CF-1EFC-4A0D-8CED-1FBDC2942BC6}.Debug|Any CPU.ActiveCfg = Debug|Any CPU
		{450007CF-1EFC-4A0D-8CED-1FBDC2942BC6}.Debug|Any CPU.Build.0 = Debug|Any CPU
		{450007CF-1EFC-4A0D-8CED-1FBDC2942BC6}.Release|Any CPU.ActiveCfg = Release|Any CPU
		{450007CF-1EFC-4A0D-8CED-1FBDC2942BC6}.Release|Any CPU.Build.0 = Release|Any CPU
		{E6DE7B3C-6D9F-47D5-8B2E-6E1BA5C0EB1E}.Debug|Any CPU.ActiveCfg = Debug|Any CPU
		{E6DE7B3C-6D9F-47D5-8B2E-6E1BA5C0EB1E}.Debug|Any CPU.Build.0 = Debug|Any CPU
		{E6DE7B3C-6D9F-47D5-8B2E-6E1BA5C0EB1E}.Release|Any CPU.ActiveCfg = Release|Any CPU
		{E6DE7B3C-6D9F-47D5-8B2E-6E1BA5C0EB1E}.Release|Any CPU.Build.0 = Release|Any CPU
	EndGlobalSection
	GlobalSection(SolutionProperties) = preSolution
		HideSolutionNode = FALSE
	EndGlobalSection
	GlobalSection(ExtensibilityGlobals) = postSolution
		SolutionGuid = {80D4684B-6108-489E-8E36-8589F3EECBAC}
	EndGlobalSection
EndGlobal
